
Microsoft Visual Studio Solution File, Format Version 12.00
# Visual Studio Version 16
VisualStudioVersion = 16.0.31129.286
MinimumVisualStudioVersion = 10.0.40219.1
Project("{FAE04EC0-301F-11D3-BF4B-00C04F79EFBC}") = "Kakkulator 1", "Kakkulator 1.csproj", "{FEDBAF1A-18F3-4F23-AC67-9B2A7D0F023C}"
EndProject
Global
	GlobalSection(SolutionConfigurationPlatforms) = preSolution
		Debug|Any CPU = Debug|Any CPU
		Release|Any CPU = Release|Any CPU
	EndGlobalSection
	GlobalSection(ProjectConfigurationPlatforms) = postSolution
		{FEDBAF1A-18F3-4F23-AC67-9B2A7D0F023C}.Debug|Any CPU.ActiveCfg = Debug|Any CPU
		{FEDBAF1A-18F3-4F23-AC67-9B2A7D0F023C}.Debug|Any CPU.Build.0 = Debug|Any CPU
		{FEDBAF1A-18F3-4F23-AC67-9B2A7D0F023C}.Release|Any CPU.ActiveCfg = Release|Any CPU
		{FEDBAF1A-18F3-4F23-AC67-9B2A7D0F023C}.Release|Any CPU.Build.0 = Release|Any CPU
	EndGlobalSection
	GlobalSection(SolutionProperties) = preSolution
		HideSolutionNode = FALSE
	EndGlobalSection
	GlobalSection(ExtensibilityGlobals) = postSolution
		SolutionGuid = {51FA8F5F-6604-4B0D-B71E-505A9CC70971}
	EndGlobalSection
EndGlobal
